
Microsoft Visual Studio Solution File, Format Version 12.00
# Visual Studio Version 17
VisualStudioVersion = 17.1.32421.90
MinimumVisualStudioVersion = 10.0.40219.1
Project("{FAE04EC0-301F-11D3-BF4B-00C04F79EFBC}") = "project1", "project1\project1.csproj", "{46E908D7-1BBE-4C3F-A1AD-1764385F4205}"
EndProject
Global
	GlobalSection(SolutionConfigurationPlatforms) = preSolution
		Debug|Any CPU = Debug|Any CPU
		Release|Any CPU = Release|Any CPU
	EndGlobalSection
	GlobalSection(ProjectConfigurationPlatforms) = postSolution
		{46E908D7-1BBE-4C3F-A1AD-1764385F4205}.Debug|Any CPU.ActiveCfg = Debug|Any CPU
		{46E908D7-1BBE-4C3F-A1AD-1764385F4205}.Debug|Any CPU.Build.0 = Debug|Any CPU
		{46E908D7-1BBE-4C3F-A1AD-1764385F4205}.Release|Any CPU.ActiveCfg = Release|Any CPU
		{46E908D7-1BBE-4C3F-A1AD-1764385F4205}.Release|Any CPU.Build.0 = Release|Any CPU
	EndGlobalSection
	GlobalSection(SolutionProperties) = preSolution
		HideSolutionNode = FALSE
	EndGlobalSection
	GlobalSection(ExtensibilityGlobals) = postSolution
		SolutionGuid = {11400986-1BA2-42F6-8E0D-14095D9B70B4}
	EndGlobalSection
EndGlobal
